// !$*UTF8*$!
{
	archiveVersion = 1;
	classes = {
	};
	objectVersion = 46;
	objects = {

/* Begin PBXBuildFile section */
		0C6F63491CB34872006BA6C3 /* StartViewController.swift in Sources */ = {isa = PBXBuildFile; fileRef = 0C6F63481CB34872006BA6C3 /* StartViewController.swift */; };
		0C9830AF1CA38A7100FCE8FB /* Tree.swift in Sources */ = {isa = PBXBuildFile; fileRef = 0C9830AE1CA38A7100FCE8FB /* Tree.swift */; };
		8E47F1CF1C9D96690060237F /* SquareView.swift in Sources */ = {isa = PBXBuildFile; fileRef = 8E47F1CE1C9D96690060237F /* SquareView.swift */; };
		8E9527361CAC35EE0066451D /* mapa.txt in Resources */ = {isa = PBXBuildFile; fileRef = 8E9527351CAC35EE0066451D /* mapa.txt */; };
		8E96679A1C97A72C00F42198 /* AppDelegate.swift in Sources */ = {isa = PBXBuildFile; fileRef = 8E9667991C97A72C00F42198 /* AppDelegate.swift */; };
		8E96679E1C97A72C00F42198 /* Assets.xcassets in Resources */ = {isa = PBXBuildFile; fileRef = 8E96679D1C97A72C00F42198 /* Assets.xcassets */; };
		8E9667A11C97A72C00F42198 /* Main.storyboard in Resources */ = {isa = PBXBuildFile; fileRef = 8E96679F1C97A72C00F42198 /* Main.storyboard */; };
		8E9667AD1C97A7CE00F42198 /* MainViewController.swift in Sources */ = {isa = PBXBuildFile; fileRef = 8E9667AC1C97A7CE00F42198 /* MainViewController.swift */; };
		8E9667B51C99D88E00F42198 /* FileManager.swift in Sources */ = {isa = PBXBuildFile; fileRef = 8E9667B41C99D88E00F42198 /* FileManager.swift */; };
		8E9667BB1C99DE2C00F42198 /* mapa3.txt in Resources */ = {isa = PBXBuildFile; fileRef = 8E9667BA1C99DE2C00F42198 /* mapa3.txt */; };
		8E9667BD1C99E75F00F42198 /* Matrix.swift in Sources */ = {isa = PBXBuildFile; fileRef = 8E9667BC1C99E75F00F42198 /* Matrix.swift */; };
		8EED04531CA9D6820077A92F /* mapa2.txt in Resources */ = {isa = PBXBuildFile; fileRef = 8EED04521CA9D6820077A92F /* mapa2.txt */; };
/* End PBXBuildFile section */

/* Begin PBXFileReference section */
		0C6F63481CB34872006BA6C3 /* StartViewController.swift */ = {isa = PBXFileReference; fileEncoding = 4; lastKnownFileType = sourcecode.swift; path = StartViewController.swift; sourceTree = "<group>"; };
		0C9830AE1CA38A7100FCE8FB /* Tree.swift */ = {isa = PBXFileReference; fileEncoding = 4; lastKnownFileType = sourcecode.swift; path = Tree.swift; sourceTree = "<group>"; };
		8E47F1CE1C9D96690060237F /* SquareView.swift */ = {isa = PBXFileReference; fileEncoding = 4; lastKnownFileType = sourcecode.swift; name = SquareView.swift; path = Components/SquareView.swift; sourceTree = "<group>"; };
		8E9527351CAC35EE0066451D /* mapa.txt */ = {isa = PBXFileReference; fileEncoding = 4; lastKnownFileType = text; path = mapa.txt; sourceTree = "<group>"; };
		8E9667961C97A72C00F42198 /* Torre de Comando.app */ = {isa = PBXFileReference; explicitFileType = wrapper.application; includeInIndex = 0; path = "Torre de Comando.app"; sourceTree = BUILT_PRODUCTS_DIR; };
		8E9667991C97A72C00F42198 /* AppDelegate.swift */ = {isa = PBXFileReference; lastKnownFileType = sourcecode.swift; path = AppDelegate.swift; sourceTree = "<group>"; };
		8E96679D1C97A72C00F42198 /* Assets.xcassets */ = {isa = PBXFileReference; lastKnownFileType = folder.assetcatalog; path = Assets.xcassets; sourceTree = "<group>"; };
		8E9667A01C97A72C00F42198 /* Base */ = {isa = PBXFileReference; lastKnownFileType = file.storyboard; name = Base; path = Base.lproj/Main.storyboard; sourceTree = "<group>"; };
		8E9667A21C97A72C00F42198 /* Info.plist */ = {isa = PBXFileReference; lastKnownFileType = text.plist.xml; path = Info.plist; sourceTree = "<group>"; };
		8E9667AC1C97A7CE00F42198 /* MainViewController.swift */ = {isa = PBXFileReference; fileEncoding = 4; lastKnownFileType = sourcecode.swift; name = MainViewController.swift; path = Controllers/MainViewController.swift; sourceTree = "<group>"; };
		8E9667B41C99D88E00F42198 /* FileManager.swift */ = {isa = PBXFileReference; fileEncoding = 4; lastKnownFileType = sourcecode.swift; name = FileManager.swift; path = Models/FileManager.swift; sourceTree = "<group>"; };
		8E9667BA1C99DE2C00F42198 /* mapa3.txt */ = {isa = PBXFileReference; fileEncoding = 4; lastKnownFileType = text; path = mapa3.txt; sourceTree = "<group>"; };
		8E9667BC1C99E75F00F42198 /* Matrix.swift */ = {isa = PBXFileReference; fileEncoding = 4; lastKnownFileType = sourcecode.swift; name = Matrix.swift; path = Models/Matrix.swift; sourceTree = "<group>"; };
		8EED04521CA9D6820077A92F /* mapa2.txt */ = {isa = PBXFileReference; fileEncoding = 4; lastKnownFileType = text; path = mapa2.txt; sourceTree = "<group>"; };
/* End PBXFileReference section */

/* Begin PBXFrameworksBuildPhase section */
		8E9667931C97A72C00F42198 /* Frameworks */ = {
			isa = PBXFrameworksBuildPhase;
			buildActionMask = 2147483647;
			files = (
			);
			runOnlyForDeploymentPostprocessing = 0;
		};
/* End PBXFrameworksBuildPhase section */

/* Begin PBXGroup section */
		8E47F1CD1C9D951B0060237F /* Components */ = {
			isa = PBXGroup;
			children = (
				8E47F1CE1C9D96690060237F /* SquareView.swift */,
			);
			name = Components;
			sourceTree = "<group>";
		};
		8E96678D1C97A72C00F42198 = {
			isa = PBXGroup;
			children = (
				8E9667981C97A72C00F42198 /* Torre de Comando */,
				8E9667971C97A72C00F42198 /* Products */,
			);
			sourceTree = "<group>";
		};
		8E9667971C97A72C00F42198 /* Products */ = {
			isa = PBXGroup;
			children = (
				8E9667961C97A72C00F42198 /* Torre de Comando.app */,
			);
			name = Products;
			sourceTree = "<group>";
		};
		8E9667981C97A72C00F42198 /* Torre de Comando */ = {
			isa = PBXGroup;
			children = (
				8E9667991C97A72C00F42198 /* AppDelegate.swift */,
				8E47F1CD1C9D951B0060237F /* Components */,
				8E9667AB1C97A78800F42198 /* Resources */,
				8E9667AA1C97A77C00F42198 /* Controllers */,
				8E9667A91C97A77400F42198 /* Models */,
				8E9667A81C97A77000F42198 /* Views */,
			);
			path = "Torre de Comando";
			sourceTree = "<group>";
		};
		8E9667A81C97A77000F42198 /* Views */ = {
			isa = PBXGroup;
			children = (
				8E96679F1C97A72C00F42198 /* Main.storyboard */,
			);
			name = Views;
			sourceTree = "<group>";
		};
		8E9667A91C97A77400F42198 /* Models */ = {
			isa = PBXGroup;
			children = (
				8E9667B41C99D88E00F42198 /* FileManager.swift */,
				8E9667BC1C99E75F00F42198 /* Matrix.swift */,
				0C9830AE1CA38A7100FCE8FB /* Tree.swift */,
			);
			name = Models;
			sourceTree = "<group>";
		};
		8E9667AA1C97A77C00F42198 /* Controllers */ = {
			isa = PBXGroup;
			children = (
				0C6F63481CB34872006BA6C3 /* StartViewController.swift */,
				8E9667AC1C97A7CE00F42198 /* MainViewController.swift */,
			);
			name = Controllers;
			sourceTree = "<group>";
		};
		8E9667AB1C97A78800F42198 /* Resources */ = {
			isa = PBXGroup;
			children = (
				8E96679D1C97A72C00F42198 /* Assets.xcassets */,
				8E9667A21C97A72C00F42198 /* Info.plist */,
				8E9667BA1C99DE2C00F42198 /* mapa3.txt */,
				8E9527351CAC35EE0066451D /* mapa.txt */,
				8EED04521CA9D6820077A92F /* mapa2.txt */,
			);
			name = Resources;
			sourceTree = "<group>";
		};
/* End PBXGroup section */

/* Begin PBXNativeTarget section */
		8E9667951C97A72C00F42198 /* Torre de Comando */ = {
			isa = PBXNativeTarget;
			buildConfigurationList = 8E9667A51C97A72C00F42198 /* Build configuration list for PBXNativeTarget "Torre de Comando" */;
			buildPhases = (
				8E9667921C97A72C00F42198 /* Sources */,
				8E9667931C97A72C00F42198 /* Frameworks */,
				8E9667941C97A72C00F42198 /* Resources */,
			);
			buildRules = (
			);
			dependencies = (
			);
			name = "Torre de Comando";
			productName = "Torre de Comando";
			productReference = 8E9667961C97A72C00F42198 /* Torre de Comando.app */;
			productType = "com.apple.product-type.application";
		};
/* End PBXNativeTarget section */

/* Begin PBXProject section */
		8E96678E1C97A72C00F42198 /* Project object */ = {
			isa = PBXProject;
			attributes = {
				LastSwiftUpdateCheck = 0720;
				LastUpgradeCheck = 0720;
				ORGANIZATIONNAME = "Matheus Falcão";
				TargetAttributes = {
					8E9667951C97A72C00F42198 = {
						CreatedOnToolsVersion = 7.2.1;
					};
				};
			};
			buildConfigurationList = 8E9667911C97A72C00F42198 /* Build configuration list for PBXProject "Torre de Comando" */;
			compatibilityVersion = "Xcode 3.2";
			developmentRegion = English;
			hasScannedForEncodings = 0;
			knownRegions = (
				en,
				Base,
			);
			mainGroup = 8E96678D1C97A72C00F42198;
			productRefGroup = 8E9667971C97A72C00F42198 /* Products */;
			projectDirPath = "";
			projectRoot = "";
			targets = (
				8E9667951C97A72C00F42198 /* Torre de Comando */,
			);
		};
/* End PBXProject section */

/* Begin PBXResourcesBuildPhase section */
		8E9667941C97A72C00F42198 /* Resources */ = {
			isa = PBXResourcesBuildPhase;
			buildActionMask = 2147483647;
			files = (
				8E96679E1C97A72C00F42198 /* Assets.xcassets in Resources */,
				8EED04531CA9D6820077A92F /* mapa2.txt in Resources */,
				8E9667BB1C99DE2C00F42198 /* mapa3.txt in Resources */,
				8E9667A11C97A72C00F42198 /* Main.storyboard in Resources */,
				8E9527361CAC35EE0066451D /* mapa.txt in Resources */,
			);
			runOnlyForDeploymentPostprocessing = 0;
		};
/* End PBXResourcesBuildPhase section */

/* Begin PBXSourcesBuildPhase section */
		8E9667921C97A72C00F42198 /* Sources */ = {
			isa = PBXSourcesBuildPhase;
			buildActionMask = 2147483647;
			files = (
				8E9667BD1C99E75F00F42198 /* Matrix.swift in Sources */,
				0C6F63491CB34872006BA6C3 /* StartViewController.swift in Sources */,
				8E47F1CF1C9D96690060237F /* SquareView.swift in Sources */,
				0C9830AF1CA38A7100FCE8FB /* Tree.swift in Sources */,
				8E9667B51C99D88E00F42198 /* FileManager.swift in Sources */,
				8E96679A1C97A72C00F42198 /* AppDelegate.swift in Sources */,
				8E9667AD1C97A7CE00F42198 /* MainViewController.swift in Sources */,
			);
			runOnlyForDeploymentPostprocessing = 0;
		};
/* End PBXSourcesBuildPhase section */

/* Begin PBXVariantGroup section */
		8E96679F1C97A72C00F42198 /* Main.storyboard */ = {
			isa = PBXVariantGroup;
			children = (
				8E9667A01C97A72C00F42198 /* Base */,
			);
			name = Main.storyboard;
			sourceTree = "<group>";
		};
/* End PBXVariantGroup section */

/* Begin XCBuildConfiguration section */
		8E9667A31C97A72C00F42198 /* Debug */ = {
			isa = XCBuildConfiguration;
			buildSettings = {
				ALWAYS_SEARCH_USER_PATHS = NO;
				CLANG_CXX_LANGUAGE_STANDARD = "gnu++0x";
				CLANG_CXX_LIBRARY = "libc++";
				CLANG_ENABLE_MODULES = YES;
				CLANG_ENABLE_OBJC_ARC = YES;
				CLANG_WARN_BOOL_CONVERSION = YES;
				CLANG_WARN_CONSTANT_CONVERSION = YES;
				CLANG_WARN_DIRECT_OBJC_ISA_USAGE = YES_ERROR;
				CLANG_WARN_EMPTY_BODY = YES;
				CLANG_WARN_ENUM_CONVERSION = YES;
				CLANG_WARN_INT_CONVERSION = YES;
				CLANG_WARN_OBJC_ROOT_CLASS = YES_ERROR;
				CLANG_WARN_UNREACHABLE_CODE = YES;
				CLANG_WARN__DUPLICATE_METHOD_MATCH = YES;
				CODE_SIGN_IDENTITY = "-";
				COPY_PHASE_STRIP = NO;
				DEBUG_INFORMATION_FORMAT = dwarf;
				ENABLE_STRICT_OBJC_MSGSEND = YES;
				ENABLE_TESTABILITY = YES;
				GCC_C_LANGUAGE_STANDARD = gnu99;
				GCC_DYNAMIC_NO_PIC = NO;
				GCC_NO_COMMON_BLOCKS = YES;
				GCC_OPTIMIZATION_LEVEL = 0;
				GCC_PREPROCESSOR_DEFINITIONS = (
					"DEBUG=1",
					"$(inherited)",
				);
				GCC_WARN_64_TO_32_BIT_CONVERSION = YES;
				GCC_WARN_ABOUT_RETURN_TYPE = YES_ERROR;
				GCC_WARN_UNDECLARED_SELECTOR = YES;
				GCC_WARN_UNINITIALIZED_AUTOS = YES_AGGRESSIVE;
				GCC_WARN_UNUSED_FUNCTION = YES;
				GCC_WARN_UNUSED_VARIABLE = YES;
				MACOSX_DEPLOYMENT_TARGET = 10.10;
				MTL_ENABLE_DEBUG_INFO = YES;
				ONLY_ACTIVE_ARCH = YES;
				SDKROOT = macosx;
				SWIFT_OPTIMIZATION_LEVEL = "-Onone";
			};
			name = Debug;
		};
		8E9667A41C97A72C00F42198 /* Release */ = {
			isa = XCBuildConfiguration;
			buildSettings = {
				ALWAYS_SEARCH_USER_PATHS = NO;
				CLANG_CXX_LANGUAGE_STANDARD = "gnu++0x";
				CLANG_CXX_LIBRARY = "libc++";
				CLANG_ENABLE_MODULES = YES;
				CLANG_ENABLE_OBJC_ARC = YES;
				CLANG_WARN_BOOL_CONVERSION = YES;
				CLANG_WARN_CONSTANT_CONVERSION = YES;
				CLANG_WARN_DIRECT_OBJC_ISA_USAGE = YES_ERROR;
				CLANG_WARN_EMPTY_BODY = YES;
				CLANG_WARN_ENUM_CONVERSION = YES;
				CLANG_WARN_INT_CONVERSION = YES;
				CLANG_WARN_OBJC_ROOT_CLASS = YES_ERROR;
				CLANG_WARN_UNREACHABLE_CODE = YES;
				CLANG_WARN__DUPLICATE_METHOD_MATCH = YES;
				CODE_SIGN_IDENTITY = "-";
				COPY_PHASE_STRIP = NO;
				DEBUG_INFORMATION_FORMAT = "dwarf-with-dsym";
				ENABLE_NS_ASSERTIONS = NO;
				ENABLE_STRICT_OBJC_MSGSEND = YES;
				GCC_C_LANGUAGE_STANDARD = gnu99;
				GCC_NO_COMMON_BLOCKS = YES;
				GCC_WARN_64_TO_32_BIT_CONVERSION = YES;
				GCC_WARN_ABOUT_RETURN_TYPE = YES_ERROR;
				GCC_WARN_UNDECLARED_SELECTOR = YES;
				GCC_WARN_UNINITIALIZED_AUTOS = YES_AGGRESSIVE;
				GCC_WARN_UNUSED_FUNCTION = YES;
				GCC_WARN_UNUSED_VARIABLE = YES;
				MACOSX_DEPLOYMENT_TARGET = 10.10;
				MTL_ENABLE_DEBUG_INFO = NO;
				SDKROOT = macosx;
			};
			name = Release;
		};
		8E9667A61C97A72C00F42198 /* Debug */ = {
			isa = XCBuildConfiguration;
			buildSettings = {
				ASSETCATALOG_COMPILER_APPICON_NAME = AppIcon;
				COMBINE_HIDPI_IMAGES = YES;
				INFOPLIST_FILE = "Torre de Comando/Info.plist";
				LD_RUNPATH_SEARCH_PATHS = "$(inherited) @executable_path/../Frameworks";
				PRODUCT_BUNDLE_IDENTIFIER = "inf1771.Torre-de-Comando";
				PRODUCT_NAME = "$(TARGET_NAME)";
			};
			name = Debug;
		};
		8E9667A71C97A72C00F42198 /* Release */ = {
			isa = XCBuildConfiguration;
			buildSettings = {
				ASSETCATALOG_COMPILER_APPICON_NAME = AppIcon;
				COMBINE_HIDPI_IMAGES = YES;
				INFOPLIST_FILE = "Torre de Comando/Info.plist";
				LD_RUNPATH_SEARCH_PATHS = "$(inherited) @executable_path/../Frameworks";
				PRODUCT_BUNDLE_IDENTIFIER = "inf1771.Torre-de-Comando";
				PRODUCT_NAME = "$(TARGET_NAME)";
			};
			name = Release;
		};
/* End XCBuildConfiguration section */

/* Begin XCConfigurationList section */
		8E9667911C97A72C00F42198 /* Build configuration list for PBXProject "Torre de Comando" */ = {
			isa = XCConfigurationList;
			buildConfigurations = (
				8E9667A31C97A72C00F42198 /* Debug */,
				8E9667A41C97A72C00F42198 /* Release */,
			);
			defaultConfigurationIsVisible = 0;
			defaultConfigurationName = Release;
		};
		8E9667A51C97A72C00F42198 /* Build configuration list for PBXNativeTarget "Torre de Comando" */ = {
			isa = XCConfigurationList;
			buildConfigurations = (
				8E9667A61C97A72C00F42198 /* Debug */,
				8E9667A71C97A72C00F42198 /* Release */,
			);
			defaultConfigurationIsVisible = 0;
			defaultConfigurationName = Release;
		};
/* End XCConfigurationList section */
	};
	rootObject = 8E96678E1C97A72C00F42198 /* Project object */;
}
