// !$*UTF8*$!
{
	archiveVersion = 1;
	classes = {
	};
	objectVersion = 46;
	objects = {

/* Begin PBXBuildFile section */
		8EAEDF3E1CB5E2A800FA3ADF /* AppDelegate.swift in Sources */ = {isa = PBXBuildFile; fileRef = 8EAEDF3D1CB5E2A800FA3ADF /* AppDelegate.swift */; };
		8EAEDF401CB5E2A800FA3ADF /* ViewController.swift in Sources */ = {isa = PBXBuildFile; fileRef = 8EAEDF3F1CB5E2A800FA3ADF /* ViewController.swift */; };
		8EAEDF431CB5E2A800FA3ADF /* Main.storyboard in Resources */ = {isa = PBXBuildFile; fileRef = 8EAEDF411CB5E2A800FA3ADF /* Main.storyboard */; };
		8EAEDF451CB5E2A800FA3ADF /* Assets.xcassets in Resources */ = {isa = PBXBuildFile; fileRef = 8EAEDF441CB5E2A800FA3ADF /* Assets.xcassets */; };
		8EAEDF481CB5E2A800FA3ADF /* LaunchScreen.storyboard in Resources */ = {isa = PBXBuildFile; fileRef = 8EAEDF461CB5E2A800FA3ADF /* LaunchScreen.storyboard */; };
/* End PBXBuildFile section */

/* Begin PBXFileReference section */
		8EAEDF3A1CB5E2A800FA3ADF /* Gerando combinações de naves.app */ = {isa = PBXFileReference; explicitFileType = wrapper.application; includeInIndex = 0; path = "Gerando combinações de naves.app"; sourceTree = BUILT_PRODUCTS_DIR; };
		8EAEDF3D1CB5E2A800FA3ADF /* AppDelegate.swift */ = {isa = PBXFileReference; lastKnownFileType = sourcecode.swift; path = AppDelegate.swift; sourceTree = "<group>"; };
		8EAEDF3F1CB5E2A800FA3ADF /* ViewController.swift */ = {isa = PBXFileReference; lastKnownFileType = sourcecode.swift; path = ViewController.swift; sourceTree = "<group>"; };
		8EAEDF421CB5E2A800FA3ADF /* Base */ = {isa = PBXFileReference; lastKnownFileType = file.storyboard; name = Base; path = Base.lproj/Main.storyboard; sourceTree = "<group>"; };
		8EAEDF441CB5E2A800FA3ADF /* Assets.xcassets */ = {isa = PBXFileReference; lastKnownFileType = folder.assetcatalog; path = Assets.xcassets; sourceTree = "<group>"; };
		8EAEDF471CB5E2A800FA3ADF /* Base */ = {isa = PBXFileReference; lastKnownFileType = file.storyboard; name = Base; path = Base.lproj/LaunchScreen.storyboard; sourceTree = "<group>"; };
		8EAEDF491CB5E2A800FA3ADF /* Info.plist */ = {isa = PBXFileReference; lastKnownFileType = text.plist.xml; path = Info.plist; sourceTree = "<group>"; };
/* End PBXFileReference section */

/* Begin PBXFrameworksBuildPhase section */
		8EAEDF371CB5E2A800FA3ADF /* Frameworks */ = {
			isa = PBXFrameworksBuildPhase;
			buildActionMask = 2147483647;
			files = (
			);
			runOnlyForDeploymentPostprocessing = 0;
		};
/* End PBXFrameworksBuildPhase section */

/* Begin PBXGroup section */
		8EAEDF311CB5E2A800FA3ADF = {
			isa = PBXGroup;
			children = (
				8EAEDF3C1CB5E2A800FA3ADF /* Gerando combinações de naves */,
				8EAEDF3B1CB5E2A800FA3ADF /* Products */,
			);
			sourceTree = "<group>";
		};
		8EAEDF3B1CB5E2A800FA3ADF /* Products */ = {
			isa = PBXGroup;
			children = (
				8EAEDF3A1CB5E2A800FA3ADF /* Gerando combinações de naves.app */,
			);
			name = Products;
			sourceTree = "<group>";
		};
		8EAEDF3C1CB5E2A800FA3ADF /* Gerando combinações de naves */ = {
			isa = PBXGroup;
			children = (
				8EAEDF3D1CB5E2A800FA3ADF /* AppDelegate.swift */,
				8EAEDF3F1CB5E2A800FA3ADF /* ViewController.swift */,
				8EAEDF411CB5E2A800FA3ADF /* Main.storyboard */,
				8EAEDF441CB5E2A800FA3ADF /* Assets.xcassets */,
				8EAEDF461CB5E2A800FA3ADF /* LaunchScreen.storyboard */,
				8EAEDF491CB5E2A800FA3ADF /* Info.plist */,
			);
			path = "Gerando combinações de naves";
			sourceTree = "<group>";
		};
/* End PBXGroup section */

/* Begin PBXNativeTarget section */
		8EAEDF391CB5E2A800FA3ADF /* Gerando combinações de naves */ = {
			isa = PBXNativeTarget;
			buildConfigurationList = 8EAEDF4C1CB5E2A800FA3ADF /* Build configuration list for PBXNativeTarget "Gerando combinações de naves" */;
			buildPhases = (
				8EAEDF361CB5E2A800FA3ADF /* Sources */,
				8EAEDF371CB5E2A800FA3ADF /* Frameworks */,
				8EAEDF381CB5E2A800FA3ADF /* Resources */,
			);
			buildRules = (
			);
			dependencies = (
			);
			name = "Gerando combinações de naves";
			productName = "Gerando combinações de naves";
			productReference = 8EAEDF3A1CB5E2A800FA3ADF /* Gerando combinações de naves.app */;
			productType = "com.apple.product-type.application";
		};
/* End PBXNativeTarget section */

/* Begin PBXProject section */
		8EAEDF321CB5E2A800FA3ADF /* Project object */ = {
			isa = PBXProject;
			attributes = {
				LastSwiftUpdateCheck = 0720;
				LastUpgradeCheck = 0720;
				ORGANIZATIONNAME = "Matheus e Jordana";
				TargetAttributes = {
					8EAEDF391CB5E2A800FA3ADF = {
						CreatedOnToolsVersion = 7.2.1;
					};
				};
			};
			buildConfigurationList = 8EAEDF351CB5E2A800FA3ADF /* Build configuration list for PBXProject "Gerando combinações de naves" */;
			compatibilityVersion = "Xcode 3.2";
			developmentRegion = English;
			hasScannedForEncodings = 0;
			knownRegions = (
				en,
				Base,
			);
			mainGroup = 8EAEDF311CB5E2A800FA3ADF;
			productRefGroup = 8EAEDF3B1CB5E2A800FA3ADF /* Products */;
			projectDirPath = "";
			projectRoot = "";
			targets = (
				8EAEDF391CB5E2A800FA3ADF /* Gerando combinações de naves */,
			);
		};
/* End PBXProject section */

/* Begin PBXResourcesBuildPhase section */
		8EAEDF381CB5E2A800FA3ADF /* Resources */ = {
			isa = PBXResourcesBuildPhase;
			buildActionMask = 2147483647;
			files = (
				8EAEDF481CB5E2A800FA3ADF /* LaunchScreen.storyboard in Resources */,
				8EAEDF451CB5E2A800FA3ADF /* Assets.xcassets in Resources */,
				8EAEDF431CB5E2A800FA3ADF /* Main.storyboard in Resources */,
			);
			runOnlyForDeploymentPostprocessing = 0;
		};
/* End PBXResourcesBuildPhase section */

/* Begin PBXSourcesBuildPhase section */
		8EAEDF361CB5E2A800FA3ADF /* Sources */ = {
			isa = PBXSourcesBuildPhase;
			buildActionMask = 2147483647;
			files = (
				8EAEDF401CB5E2A800FA3ADF /* ViewController.swift in Sources */,
				8EAEDF3E1CB5E2A800FA3ADF /* AppDelegate.swift in Sources */,
			);
			runOnlyForDeploymentPostprocessing = 0;
		};
/* End PBXSourcesBuildPhase section */

/* Begin PBXVariantGroup section */
		8EAEDF411CB5E2A800FA3ADF /* Main.storyboard */ = {
			isa = PBXVariantGroup;
			children = (
				8EAEDF421CB5E2A800FA3ADF /* Base */,
			);
			name = Main.storyboard;
			sourceTree = "<group>";
		};
		8EAEDF461CB5E2A800FA3ADF /* LaunchScreen.storyboard */ = {
			isa = PBXVariantGroup;
			children = (
				8EAEDF471CB5E2A800FA3ADF /* Base */,
			);
			name = LaunchScreen.storyboard;
			sourceTree = "<group>";
		};
/* End PBXVariantGroup section */

/* Begin XCBuildConfiguration section */
		8EAEDF4A1CB5E2A800FA3ADF /* Debug */ = {
			isa = XCBuildConfiguration;
			buildSettings = {
				ALWAYS_SEARCH_USER_PATHS = NO;
				CLANG_CXX_LANGUAGE_STANDARD = "gnu++0x";
				CLANG_CXX_LIBRARY = "libc++";
				CLANG_ENABLE_MODULES = YES;
				CLANG_ENABLE_OBJC_ARC = YES;
				CLANG_WARN_BOOL_CONVERSION = YES;
				CLANG_WARN_CONSTANT_CONVERSION = YES;
				CLANG_WARN_DIRECT_OBJC_ISA_USAGE = YES_ERROR;
				CLANG_WARN_EMPTY_BODY = YES;
				CLANG_WARN_ENUM_CONVERSION = YES;
				CLANG_WARN_INT_CONVERSION = YES;
				CLANG_WARN_OBJC_ROOT_CLASS = YES_ERROR;
				CLANG_WARN_UNREACHABLE_CODE = YES;
				CLANG_WARN__DUPLICATE_METHOD_MATCH = YES;
				"CODE_SIGN_IDENTITY[sdk=iphoneos*]" = "iPhone Developer";
				COPY_PHASE_STRIP = NO;
				DEBUG_INFORMATION_FORMAT = dwarf;
				ENABLE_STRICT_OBJC_MSGSEND = YES;
				ENABLE_TESTABILITY = YES;
				GCC_C_LANGUAGE_STANDARD = gnu99;
				GCC_DYNAMIC_NO_PIC = NO;
				GCC_NO_COMMON_BLOCKS = YES;
				GCC_OPTIMIZATION_LEVEL = 0;
				GCC_PREPROCESSOR_DEFINITIONS = (
					"DEBUG=1",
					"$(inherited)",
				);
				GCC_WARN_64_TO_32_BIT_CONVERSION = YES;
				GCC_WARN_ABOUT_RETURN_TYPE = YES_ERROR;
				GCC_WARN_UNDECLARED_SELECTOR = YES;
				GCC_WARN_UNINITIALIZED_AUTOS = YES_AGGRESSIVE;
				GCC_WARN_UNUSED_FUNCTION = YES;
				GCC_WARN_UNUSED_VARIABLE = YES;
				IPHONEOS_DEPLOYMENT_TARGET = 9.2;
				MTL_ENABLE_DEBUG_INFO = YES;
				ONLY_ACTIVE_ARCH = YES;
				SDKROOT = iphoneos;
				SWIFT_OPTIMIZATION_LEVEL = "-Onone";
			};
			name = Debug;
		};
		8EAEDF4B1CB5E2A800FA3ADF /* Release */ = {
			isa = XCBuildConfiguration;
			buildSettings = {
				ALWAYS_SEARCH_USER_PATHS = NO;
				CLANG_CXX_LANGUAGE_STANDARD = "gnu++0x";
				CLANG_CXX_LIBRARY = "libc++";
				CLANG_ENABLE_MODULES = YES;
				CLANG_ENABLE_OBJC_ARC = YES;
				CLANG_WARN_BOOL_CONVERSION = YES;
				CLANG_WARN_CONSTANT_CONVERSION = YES;
				CLANG_WARN_DIRECT_OBJC_ISA_USAGE = YES_ERROR;
				CLANG_WARN_EMPTY_BODY = YES;
				CLANG_WARN_ENUM_CONVERSION = YES;
				CLANG_WARN_INT_CONVERSION = YES;
				CLANG_WARN_OBJC_ROOT_CLASS = YES_ERROR;
				CLANG_WARN_UNREACHABLE_CODE = YES;
				CLANG_WARN__DUPLICATE_METHOD_MATCH = YES;
				"CODE_SIGN_IDENTITY[sdk=iphoneos*]" = "iPhone Developer";
				COPY_PHASE_STRIP = NO;
				DEBUG_INFORMATION_FORMAT = "dwarf-with-dsym";
				ENABLE_NS_ASSERTIONS = NO;
				ENABLE_STRICT_OBJC_MSGSEND = YES;
				GCC_C_LANGUAGE_STANDARD = gnu99;
				GCC_NO_COMMON_BLOCKS = YES;
				GCC_WARN_64_TO_32_BIT_CONVERSION = YES;
				GCC_WARN_ABOUT_RETURN_TYPE = YES_ERROR;
				GCC_WARN_UNDECLARED_SELECTOR = YES;
				GCC_WARN_UNINITIALIZED_AUTOS = YES_AGGRESSIVE;
				GCC_WARN_UNUSED_FUNCTION = YES;
				GCC_WARN_UNUSED_VARIABLE = YES;
				IPHONEOS_DEPLOYMENT_TARGET = 9.2;
				MTL_ENABLE_DEBUG_INFO = NO;
				SDKROOT = iphoneos;
				VALIDATE_PRODUCT = YES;
			};
			name = Release;
		};
		8EAEDF4D1CB5E2A800FA3ADF /* Debug */ = {
			isa = XCBuildConfiguration;
			buildSettings = {
				ASSETCATALOG_COMPILER_APPICON_NAME = AppIcon;
				INFOPLIST_FILE = "Gerando combinações de naves/Info.plist";
				LD_RUNPATH_SEARCH_PATHS = "$(inherited) @executable_path/Frameworks";
				PRODUCT_BUNDLE_IDENTIFIER = "ia.matheus.jordana.Gerando-combinac-o-es-de-naves";
				PRODUCT_NAME = "$(TARGET_NAME)";
			};
			name = Debug;
		};
		8EAEDF4E1CB5E2A800FA3ADF /* Release */ = {
			isa = XCBuildConfiguration;
			buildSettings = {
				ASSETCATALOG_COMPILER_APPICON_NAME = AppIcon;
				INFOPLIST_FILE = "Gerando combinações de naves/Info.plist";
				LD_RUNPATH_SEARCH_PATHS = "$(inherited) @executable_path/Frameworks";
				PRODUCT_BUNDLE_IDENTIFIER = "ia.matheus.jordana.Gerando-combinac-o-es-de-naves";
				PRODUCT_NAME = "$(TARGET_NAME)";
			};
			name = Release;
		};
/* End XCBuildConfiguration section */

/* Begin XCConfigurationList section */
		8EAEDF351CB5E2A800FA3ADF /* Build configuration list for PBXProject "Gerando combinações de naves" */ = {
			isa = XCConfigurationList;
			buildConfigurations = (
				8EAEDF4A1CB5E2A800FA3ADF /* Debug */,
				8EAEDF4B1CB5E2A800FA3ADF /* Release */,
			);
			defaultConfigurationIsVisible = 0;
			defaultConfigurationName = Release;
		};
		8EAEDF4C1CB5E2A800FA3ADF /* Build configuration list for PBXNativeTarget "Gerando combinações de naves" */ = {
			isa = XCConfigurationList;
			buildConfigurations = (
				8EAEDF4D1CB5E2A800FA3ADF /* Debug */,
				8EAEDF4E1CB5E2A800FA3ADF /* Release */,
			);
			defaultConfigurationIsVisible = 0;
		};
/* End XCConfigurationList section */
	};
	rootObject = 8EAEDF321CB5E2A800FA3ADF /* Project object */;
}
